{
  "nodes": {
    "agenix": {
      "inputs": {
        "darwin": "darwin",
        "nixpkgs": [
          "nixpkgs"
        ]
      },
      "locked": {
        "lastModified": 1675176355,
        "narHash": "sha256-Qjxh5cmN56siY97mzmBLI1+cdjXSPqmfPVsKxBvHmwI=",
        "owner": "ryantm",
        "repo": "agenix",
        "rev": "b7ffcfe77f817d9ee992640ba1f270718d197f28",
        "type": "github"
      },
      "original": {
        "owner": "ryantm",
        "repo": "agenix",
        "type": "github"
      }
    },
    "agenix-cli": {
      "inputs": {
        "flake-utils": [
          "flake-utils"
        ],
        "nixpkgs": [
          "nixpkgs"
        ]
      },
      "locked": {
        "lastModified": 1641404293,
        "narHash": "sha256-0+QVY1sDhGF4hAN6m2FdKZgm9V1cuGGjY4aitRBnvKg=",
        "owner": "cole-h",
        "repo": "agenix-cli",
        "rev": "77fccec4ed922a0f5f55ed964022b0db7d99f07d",
        "type": "github"
      },
      "original": {
        "owner": "cole-h",
        "repo": "agenix-cli",
        "type": "github"
      }
    },
    "darwin": {
      "inputs": {
        "nixpkgs": [
          "agenix",
          "nixpkgs"
        ]
      },
      "locked": {
        "lastModified": 1673295039,
        "narHash": "sha256-AsdYgE8/GPwcelGgrntlijMg4t3hLFJFCRF3tL5WVjA=",
        "owner": "lnl7",
        "repo": "nix-darwin",
        "rev": "87b9d090ad39b25b2400029c64825fc2a8868943",
        "type": "github"
      },
      "original": {
        "owner": "lnl7",
        "ref": "master",
        "repo": "nix-darwin",
        "type": "github"
      }
    },
    "flake-commons": {
      "inputs": {
        "nixpkgs": [
          "nixpkgs"
        ],
        "pre-commit-hooks": [
          "pre-commit-hooks"
        ]
      },
      "locked": {
        "lastModified": 1676077521,
        "narHash": "sha256-0ABLi+mKVtV6Lg9/SxcJ0/Ki6yl+vjgna+SRrKgjHC8=",
        "owner": "christianharke",
        "repo": "flake-commons",
        "rev": "ef64cc97a632fb71267361435bff552127db7dfd",
        "type": "github"
      },
      "original": {
        "owner": "christianharke",
        "repo": "flake-commons",
        "type": "github"
      }
    },
    "flake-utils": {
      "locked": {
        "lastModified": 1667395993,
        "narHash": "sha256-nuEHfE/LcWyuSWnS8t12N1wc105Qtau+/OdUAjtQ0rA=",
        "owner": "numtide",
        "repo": "flake-utils",
        "rev": "5aed5285a952e0b949eb3ba02c12fa4fcfef535f",
        "type": "github"
      },
      "original": {
        "owner": "numtide",
        "repo": "flake-utils",
        "type": "github"
      }
    },
    "home-manager": {
      "inputs": {
        "nixpkgs": [
          "nixpkgs-unstable"
        ],
        "utils": [
          "flake-utils"
        ]
      },
      "locked": {
        "lastModified": 1674440933,
        "narHash": "sha256-CASRcD/rK3fn5vUCti3jzry7zi0GsqRsBohNq9wPgLs=",
        "owner": "nix-community",
        "repo": "home-manager",
        "rev": "65c47ced082e3353113614f77b1bc18822dc731f",
        "type": "github"
      },
      "original": {
        "owner": "nix-community",
        "ref": "release-22.11",
        "repo": "home-manager",
        "type": "github"
      }
    },
    "homeage": {
      "inputs": {
        "nixpkgs": [
          "nixpkgs"
        ]
      },
      "locked": {
        "lastModified": 1661959394,
        "narHash": "sha256-nNGZ22LDwD8gEhNr2+uPVS7gA2wFcbYzivzR9GUSOQc=",
        "owner": "jordanisaacs",
        "repo": "homeage",
        "rev": "dea8d375df3aacf3209a8b870425631e2dad0f18",
        "type": "github"
      },
      "original": {
        "owner": "jordanisaacs",
        "ref": "release",
        "repo": "homeage",
        "type": "github"
      }
    },
    "i3lock-pixeled": {
      "inputs": {
        "flake-utils": [
          "flake-utils"
        ],
        "nixpkgs": [
          "nixpkgs"
        ],
        "pre-commit-hooks": [
          "pre-commit-hooks"
        ]
      },
      "locked": {
        "lastModified": 1647291961,
        "narHash": "sha256-VSqx+t36K5JH8l93i3iS12AT8eVPf1V3NZEiDmrvHf4=",
        "owner": "christianharke",
        "repo": "i3lock-pixeled",
        "rev": "9cb79ec1e7e5d9860ed27ff89e8fd69dc9ce9777",
        "type": "gitlab"
      },
      "original": {
        "owner": "christianharke",
        "repo": "i3lock-pixeled",
        "type": "gitlab"
      }
    },
    "kmonad": {
      "inputs": {
        "nixpkgs": [
          "nixpkgs"
        ]
      },
      "locked": {
        "dir": "nix",
        "lastModified": 1674855709,
        "narHash": "sha256-rd5GBiT1xsLl39KRUgnIjvczlgqdcq+PZ8JUcnYN1Gg=",
        "owner": "christianharke",
        "repo": "kmonad",
        "rev": "ac767bde78a8cc3b160233758a4eb288227716c1",
        "type": "github"
      },
      "original": {
        "dir": "nix",
        "owner": "christianharke",
        "repo": "kmonad",
        "type": "github"
      }
    },
    "nixgl": {
      "inputs": {
        "flake-utils": [
          "flake-utils"
        ],
        "nixpkgs": [
          "nixpkgs-unstable"
        ]
      },
      "locked": {
        "lastModified": 1672992692,
        "narHash": "sha256-/eLQLSNIa22ARTZbk+x8i0iE8khe1eiHWkuxgTVXZ7g=",
        "owner": "guibou",
        "repo": "nixGL",
        "rev": "643e730efb981ffaf8478f441ec9b9aeea1c89f5",
        "type": "github"
      },
      "original": {
        "owner": "guibou",
        "repo": "nixGL",
        "type": "github"
      }
    },
    "nixpkgs": {
      "locked": {
        "lastModified": 1675918889,
        "narHash": "sha256-hy7re4F9AEQqwZxubct7jBRos6md26bmxnCjxf5utJA=",
        "owner": "nixos",
        "repo": "nixpkgs",
        "rev": "49efda9011e8cdcd6c1aad30384cb1dc230c82fe",
        "type": "github"
      },
      "original": {
        "owner": "nixos",
        "ref": "nixos-22.11",
        "repo": "nixpkgs",
        "type": "github"
      }
    },
    "nixpkgs-unstable": {
      "locked": {
        "lastModified": 1675942811,
        "narHash": "sha256-/v4Z9mJmADTpXrdIlAjFa1e+gkpIIROR670UVDQFwIw=",
        "owner": "NixOS",
        "repo": "nixpkgs",
        "rev": "724bfc0892363087709bd3a5a1666296759154b1",
        "type": "github"
      },
      "original": {
        "owner": "NixOS",
        "ref": "nixos-unstable",
        "repo": "nixpkgs",
        "type": "github"
      }
    },
    "nur": {
      "locked": {
        "lastModified": 1676069077,
        "narHash": "sha256-HXLX921XdhFCnnBK4HLMKxZLn/qBsO+2OB3QfogVEmw=",
        "owner": "nix-community",
        "repo": "NUR",
        "rev": "c5a4f3ce0d13892cb778b936e72633f045470d62",
        "type": "github"
      },
      "original": {
        "owner": "nix-community",
        "repo": "NUR",
        "type": "github"
      }
    },
    "pre-commit-hooks": {
      "inputs": {
        "flake-utils": [
          "flake-utils"
        ],
        "nixpkgs": [
          "nixpkgs-unstable"
        ]
      },
      "locked": {
        "lastModified": 1645781104,
        "narHash": "sha256-d5iDimTPC4r1hKFHAguCnkY9gPbieAIkApLUuYA+Xb4=",
        "owner": "cachix",
        "repo": "pre-commit-hooks.nix",
        "rev": "6799201bec19b753a4ac305a53d34371e497941e",
        "type": "github"
      },
      "original": {
        "owner": "cachix",
        "repo": "pre-commit-hooks.nix",
        "rev": "6799201bec19b753a4ac305a53d34371e497941e",
        "type": "github"
      }
    },
    "root": {
      "inputs": {
        "agenix": "agenix",
        "agenix-cli": "agenix-cli",
        "flake-commons": "flake-commons",
        "flake-utils": "flake-utils",
        "home-manager": "home-manager",
        "homeage": "homeage",
        "i3lock-pixeled": "i3lock-pixeled",
        "kmonad": "kmonad",
        "nixgl": "nixgl",
        "nixpkgs": "nixpkgs",
        "nixpkgs-unstable": "nixpkgs-unstable",
        "nur": "nur",
        "pre-commit-hooks": "pre-commit-hooks",
        "spacevim": "spacevim"
      }
    },
    "spacevim": {
      "inputs": {
        "nixpkgs": [
          "nixpkgs-unstable"
        ],
        "pre-commit-hooks": [
          "pre-commit-hooks"
        ]
      },
      "locked": {
        "lastModified": 1675992142,
        "narHash": "sha256-X8Mro+Vr2bWhRABUthh2OSzwXucwiH1EzyPnZZxRyw0=",
        "owner": "christianharke",
        "repo": "spacevim-flake",
        "rev": "cf1d1776b7fa7e4452b7dbaa41d6dc8566a3b0bb",
        "type": "github"
      },
      "original": {
        "owner": "christianharke",
        "repo": "spacevim-flake",
        "type": "github"
      }
    }
  },
  "root": "root",
  "version": 7
}
