{
  "nodes": {
    "agenix": {
      "inputs": {
        "darwin": "darwin",
        "nixpkgs": [
          "nixpkgs"
        ]
      },
      "locked": {
        "lastModified": 1676785837,
        "narHash": "sha256-Uit2UXSwc27Gs+4Hrmpwh9YHRQhFrrf8OoEBBL8y+7g=",
        "owner": "ryantm",
        "repo": "agenix",
        "rev": "2c56a93426107da97751a752da94ee55b5f6efe5",
        "type": "github"
      },
      "original": {
        "owner": "ryantm",
        "repo": "agenix",
        "type": "github"
      }
    },
    "agenix-cli": {
      "inputs": {
        "flake-utils": [
          "flake-utils"
        ],
        "nixpkgs": [
          "nixpkgs"
        ]
      },
      "locked": {
        "lastModified": 1641404293,
        "narHash": "sha256-0+QVY1sDhGF4hAN6m2FdKZgm9V1cuGGjY4aitRBnvKg=",
        "owner": "cole-h",
        "repo": "agenix-cli",
        "rev": "77fccec4ed922a0f5f55ed964022b0db7d99f07d",
        "type": "github"
      },
      "original": {
        "owner": "cole-h",
        "repo": "agenix-cli",
        "type": "github"
      }
    },
    "darwin": {
      "inputs": {
        "nixpkgs": [
          "agenix",
          "nixpkgs"
        ]
      },
      "locked": {
        "lastModified": 1673295039,
        "narHash": "sha256-AsdYgE8/GPwcelGgrntlijMg4t3hLFJFCRF3tL5WVjA=",
        "owner": "lnl7",
        "repo": "nix-darwin",
        "rev": "87b9d090ad39b25b2400029c64825fc2a8868943",
        "type": "github"
      },
      "original": {
        "owner": "lnl7",
        "ref": "master",
        "repo": "nix-darwin",
        "type": "github"
      }
    },
    "flake-commons": {
      "inputs": {
        "nixpkgs": [
          "nixpkgs"
        ],
        "pre-commit-hooks": [
          "pre-commit-hooks"
        ]
      },
      "locked": {
        "lastModified": 1676855599,
        "narHash": "sha256-fdvIs5QV5auzjoGM5qKzbmSPXX4xbDV+lS/zgyY6O0E=",
        "owner": "christianharke",
        "repo": "flake-commons",
        "rev": "482ebee3c7a075c7124b4c81ffb787a24c8322f9",
        "type": "github"
      },
      "original": {
        "owner": "christianharke",
        "repo": "flake-commons",
        "type": "github"
      }
    },
    "flake-utils": {
      "locked": {
        "lastModified": 1676283394,
        "narHash": "sha256-XX2f9c3iySLCw54rJ/CZs+ZK6IQy7GXNY4nSOyu2QG4=",
        "owner": "numtide",
        "repo": "flake-utils",
        "rev": "3db36a8b464d0c4532ba1c7dda728f4576d6d073",
        "type": "github"
      },
      "original": {
        "owner": "numtide",
        "repo": "flake-utils",
        "type": "github"
      }
    },
    "home-manager": {
      "inputs": {
        "nixpkgs": [
          "nixpkgs-unstable"
        ],
        "utils": [
          "flake-utils"
        ]
      },
      "locked": {
        "lastModified": 1676257154,
        "narHash": "sha256-eW3jymNLpdxS5fkp9NWKyNtgL0Gqtgg1vCTofKXDF1g=",
        "owner": "nix-community",
        "repo": "home-manager",
        "rev": "2cb27c79117a2a75ff3416c3199a2dc57af6a527",
        "type": "github"
      },
      "original": {
        "owner": "nix-community",
        "ref": "release-22.11",
        "repo": "home-manager",
        "type": "github"
      }
    },
    "homeage": {
      "inputs": {
        "nixpkgs": [
          "nixpkgs"
        ]
      },
      "locked": {
        "lastModified": 1661959394,
        "narHash": "sha256-nNGZ22LDwD8gEhNr2+uPVS7gA2wFcbYzivzR9GUSOQc=",
        "owner": "jordanisaacs",
        "repo": "homeage",
        "rev": "dea8d375df3aacf3209a8b870425631e2dad0f18",
        "type": "github"
      },
      "original": {
        "owner": "jordanisaacs",
        "ref": "release",
        "repo": "homeage",
        "type": "github"
      }
    },
    "i3lock-pixeled": {
      "inputs": {
        "flake-utils": [
          "flake-utils"
        ],
        "nixpkgs": [
          "nixpkgs"
        ],
        "pre-commit-hooks": [
          "pre-commit-hooks"
        ]
      },
      "locked": {
        "lastModified": 1647291961,
        "narHash": "sha256-VSqx+t36K5JH8l93i3iS12AT8eVPf1V3NZEiDmrvHf4=",
        "owner": "christianharke",
        "repo": "i3lock-pixeled",
        "rev": "9cb79ec1e7e5d9860ed27ff89e8fd69dc9ce9777",
        "type": "gitlab"
      },
      "original": {
        "owner": "christianharke",
        "repo": "i3lock-pixeled",
        "type": "gitlab"
      }
    },
    "kmonad": {
      "inputs": {
        "nixpkgs": [
          "nixpkgs"
        ]
      },
      "locked": {
        "dir": "nix",
        "lastModified": 1674855709,
        "narHash": "sha256-rd5GBiT1xsLl39KRUgnIjvczlgqdcq+PZ8JUcnYN1Gg=",
        "owner": "christianharke",
        "repo": "kmonad",
        "rev": "ac767bde78a8cc3b160233758a4eb288227716c1",
        "type": "github"
      },
      "original": {
        "dir": "nix",
        "owner": "christianharke",
        "repo": "kmonad",
        "type": "github"
      }
    },
    "nixgl": {
      "inputs": {
        "flake-utils": [
          "flake-utils"
        ],
        "nixpkgs": [
          "nixpkgs-unstable"
        ]
      },
      "locked": {
        "lastModified": 1676383589,
        "narHash": "sha256-KCkWZXCjH+C4Kn7fUGSrEl5btk+sERHhZueSsvVbPWc=",
        "owner": "guibou",
        "repo": "nixGL",
        "rev": "c917918ab9ebeee27b0dd657263d3f57ba6bb8ad",
        "type": "github"
      },
      "original": {
        "owner": "guibou",
        "repo": "nixGL",
        "type": "github"
      }
    },
    "nixpkgs": {
      "locked": {
        "lastModified": 1676718858,
        "narHash": "sha256-giQecvcifVLNHCC9lMfTGP09tNxXhOMw+d/aql7MhRw=",
        "owner": "nixos",
        "repo": "nixpkgs",
        "rev": "e6d5772f3515b8518d50122471381feae7cbae36",
        "type": "github"
      },
      "original": {
        "owner": "nixos",
        "ref": "nixos-22.11",
        "repo": "nixpkgs",
        "type": "github"
      }
    },
    "nixpkgs-unstable": {
      "locked": {
        "lastModified": 1676721149,
        "narHash": "sha256-mN2EpTGxxVNnFZLoLWRwh6f7UWhXy4qE+wO2CZyrXps=",
        "owner": "NixOS",
        "repo": "nixpkgs",
        "rev": "5f4e07deb7c44f27d498f8df9c5f34750acf52d2",
        "type": "github"
      },
      "original": {
        "owner": "NixOS",
        "ref": "nixos-unstable",
        "repo": "nixpkgs",
        "type": "github"
      }
    },
    "nur": {
      "locked": {
        "lastModified": 1676847700,
        "narHash": "sha256-8mCLMxD5MADd1akkGRxbVpIGipPx9Yp7f+gjUuVNQGA=",
        "owner": "nix-community",
        "repo": "NUR",
        "rev": "a8bb09f3b01b5ed164eea1bac654d3f3c03cf8aa",
        "type": "github"
      },
      "original": {
        "owner": "nix-community",
        "repo": "NUR",
        "type": "github"
      }
    },
    "pre-commit-hooks": {
      "inputs": {
        "flake-utils": [
          "flake-utils"
        ],
        "nixpkgs": [
          "nixpkgs-unstable"
        ]
      },
      "locked": {
        "lastModified": 1645781104,
        "narHash": "sha256-d5iDimTPC4r1hKFHAguCnkY9gPbieAIkApLUuYA+Xb4=",
        "owner": "cachix",
        "repo": "pre-commit-hooks.nix",
        "rev": "6799201bec19b753a4ac305a53d34371e497941e",
        "type": "github"
      },
      "original": {
        "owner": "cachix",
        "repo": "pre-commit-hooks.nix",
        "rev": "6799201bec19b753a4ac305a53d34371e497941e",
        "type": "github"
      }
    },
    "root": {
      "inputs": {
        "agenix": "agenix",
        "agenix-cli": "agenix-cli",
        "flake-commons": "flake-commons",
        "flake-utils": "flake-utils",
        "home-manager": "home-manager",
        "homeage": "homeage",
        "i3lock-pixeled": "i3lock-pixeled",
        "kmonad": "kmonad",
        "nixgl": "nixgl",
        "nixpkgs": "nixpkgs",
        "nixpkgs-unstable": "nixpkgs-unstable",
        "nur": "nur",
        "pre-commit-hooks": "pre-commit-hooks",
        "spacevim": "spacevim"
      }
    },
    "spacevim": {
      "inputs": {
        "nixpkgs": [
          "nixpkgs-unstable"
        ],
        "pre-commit-hooks": [
          "pre-commit-hooks"
        ]
      },
      "locked": {
        "lastModified": 1676856080,
        "narHash": "sha256-0E/8Yd+ZAD1E/3xwlYtq7zjALe7YoBn1a76V02SEUo0=",
        "owner": "christianharke",
        "repo": "spacevim-flake",
        "rev": "d651bfd989a0b969668202c27118eb6a722f01d9",
        "type": "github"
      },
      "original": {
        "owner": "christianharke",
        "repo": "spacevim-flake",
        "type": "github"
      }
    }
  },
  "root": "root",
  "version": 7
}
