{
  "nodes": {
    "agenix": {
      "inputs": {
        "nixpkgs": [
          "nixpkgs"
        ]
      },
      "locked": {
        "lastModified": 1673301561,
        "narHash": "sha256-gRUWHbBAtMuPDJQXotoI8u6+3DGBIUZHkyQWpIv7WpM=",
        "owner": "ryantm",
        "repo": "agenix",
        "rev": "42d371d861a227149dc9a7e03350c9ab8b8ddd68",
        "type": "github"
      },
      "original": {
        "owner": "ryantm",
        "repo": "agenix",
        "type": "github"
      }
    },
    "agenix-cli": {
      "inputs": {
        "flake-utils": [
          "flake-utils"
        ],
        "nixpkgs": [
          "nixpkgs"
        ]
      },
      "locked": {
        "lastModified": 1641404293,
        "narHash": "sha256-0+QVY1sDhGF4hAN6m2FdKZgm9V1cuGGjY4aitRBnvKg=",
        "owner": "cole-h",
        "repo": "agenix-cli",
        "rev": "77fccec4ed922a0f5f55ed964022b0db7d99f07d",
        "type": "github"
      },
      "original": {
        "owner": "cole-h",
        "repo": "agenix-cli",
        "type": "github"
      }
    },
    "flake-commons": {
      "inputs": {
        "nixpkgs": [
          "nixpkgs"
        ],
        "pre-commit-hooks": [
          "pre-commit-hooks"
        ]
      },
      "locked": {
        "lastModified": 1674781862,
        "narHash": "sha256-jvZo5ACsCRjEBX/Xvs0hwSw9+jsa3+3X5a43gjDKFPM=",
        "owner": "christianharke",
        "repo": "flake-commons",
        "rev": "a76b3dcc04fb2a689a80fa51924f424ae0d6b4ab",
        "type": "github"
      },
      "original": {
        "owner": "christianharke",
        "repo": "flake-commons",
        "type": "github"
      }
    },
    "flake-utils": {
      "locked": {
        "lastModified": 1667395993,
        "narHash": "sha256-nuEHfE/LcWyuSWnS8t12N1wc105Qtau+/OdUAjtQ0rA=",
        "owner": "numtide",
        "repo": "flake-utils",
        "rev": "5aed5285a952e0b949eb3ba02c12fa4fcfef535f",
        "type": "github"
      },
      "original": {
        "owner": "numtide",
        "repo": "flake-utils",
        "type": "github"
      }
    },
    "home-manager": {
      "inputs": {
        "nixpkgs": [
          "nixpkgs-unstable"
        ],
        "utils": [
          "flake-utils"
        ]
      },
      "locked": {
        "lastModified": 1674440933,
        "narHash": "sha256-CASRcD/rK3fn5vUCti3jzry7zi0GsqRsBohNq9wPgLs=",
        "owner": "nix-community",
        "repo": "home-manager",
        "rev": "65c47ced082e3353113614f77b1bc18822dc731f",
        "type": "github"
      },
      "original": {
        "owner": "nix-community",
        "ref": "release-22.11",
        "repo": "home-manager",
        "type": "github"
      }
    },
    "homeage": {
      "inputs": {
        "nixpkgs": [
          "nixpkgs"
        ]
      },
      "locked": {
        "lastModified": 1661959394,
        "narHash": "sha256-nNGZ22LDwD8gEhNr2+uPVS7gA2wFcbYzivzR9GUSOQc=",
        "owner": "jordanisaacs",
        "repo": "homeage",
        "rev": "dea8d375df3aacf3209a8b870425631e2dad0f18",
        "type": "github"
      },
      "original": {
        "owner": "jordanisaacs",
        "ref": "release",
        "repo": "homeage",
        "type": "github"
      }
    },
    "i3lock-pixeled": {
      "inputs": {
        "flake-utils": [
          "flake-utils"
        ],
        "nixpkgs": [
          "nixpkgs"
        ],
        "pre-commit-hooks": [
          "pre-commit-hooks"
        ]
      },
      "locked": {
        "lastModified": 1647291961,
        "narHash": "sha256-VSqx+t36K5JH8l93i3iS12AT8eVPf1V3NZEiDmrvHf4=",
        "owner": "christianharke",
        "repo": "i3lock-pixeled",
        "rev": "9cb79ec1e7e5d9860ed27ff89e8fd69dc9ce9777",
        "type": "gitlab"
      },
      "original": {
        "owner": "christianharke",
        "repo": "i3lock-pixeled",
        "type": "gitlab"
      }
    },
    "kmonad": {
      "inputs": {
        "nixpkgs": [
          "nixpkgs"
        ]
      },
      "locked": {
        "dir": "nix",
        "lastModified": 1674855709,
        "narHash": "sha256-rd5GBiT1xsLl39KRUgnIjvczlgqdcq+PZ8JUcnYN1Gg=",
        "owner": "christianharke",
        "repo": "kmonad",
        "rev": "ac767bde78a8cc3b160233758a4eb288227716c1",
        "type": "github"
      },
      "original": {
        "dir": "nix",
        "owner": "christianharke",
        "repo": "kmonad",
        "type": "github"
      }
    },
    "nixgl": {
      "inputs": {
        "flake-utils": [
          "flake-utils"
        ],
        "nixpkgs": [
          "nixpkgs-unstable"
        ]
      },
      "locked": {
        "lastModified": 1672992692,
        "narHash": "sha256-/eLQLSNIa22ARTZbk+x8i0iE8khe1eiHWkuxgTVXZ7g=",
        "owner": "guibou",
        "repo": "nixGL",
        "rev": "643e730efb981ffaf8478f441ec9b9aeea1c89f5",
        "type": "github"
      },
      "original": {
        "owner": "guibou",
        "repo": "nixGL",
        "type": "github"
      }
    },
    "nixpkgs": {
      "locked": {
        "lastModified": 1674868155,
        "narHash": "sha256-eFNm2h6fNbgD7ZpO4MHikCB5pSnCJ7DTmwPisjetmwc=",
        "owner": "nixos",
        "repo": "nixpkgs",
        "rev": "ce20e9ebe1903ea2ba1ab006ec63093020c761cb",
        "type": "github"
      },
      "original": {
        "owner": "nixos",
        "ref": "nixos-22.11",
        "repo": "nixpkgs",
        "type": "github"
      }
    },
    "nixpkgs-unstable": {
      "locked": {
        "lastModified": 1674641431,
        "narHash": "sha256-qfo19qVZBP4qn5M5gXc/h1MDgAtPA5VxJm9s8RUAkVk=",
        "owner": "NixOS",
        "repo": "nixpkgs",
        "rev": "9b97ad7b4330aacda9b2343396eb3df8a853b4fc",
        "type": "github"
      },
      "original": {
        "owner": "NixOS",
        "ref": "nixos-unstable",
        "repo": "nixpkgs",
        "type": "github"
      }
    },
    "nur": {
      "locked": {
        "lastModified": 1674958303,
        "narHash": "sha256-o/o7fRQbUPMFOklqpEeMfs6SbJPDtZdFsaky3oT9OYE=",
        "owner": "nix-community",
        "repo": "NUR",
        "rev": "a998fbc8615d6481ee82b147ce1c7a6bb5e44c01",
        "type": "github"
      },
      "original": {
        "owner": "nix-community",
        "repo": "NUR",
        "type": "github"
      }
    },
    "pre-commit-hooks": {
      "inputs": {
        "flake-utils": [
          "flake-utils"
        ],
        "nixpkgs": [
          "nixpkgs-unstable"
        ]
      },
      "locked": {
        "lastModified": 1645781104,
        "narHash": "sha256-d5iDimTPC4r1hKFHAguCnkY9gPbieAIkApLUuYA+Xb4=",
        "owner": "cachix",
        "repo": "pre-commit-hooks.nix",
        "rev": "6799201bec19b753a4ac305a53d34371e497941e",
        "type": "github"
      },
      "original": {
        "owner": "cachix",
        "repo": "pre-commit-hooks.nix",
        "rev": "6799201bec19b753a4ac305a53d34371e497941e",
        "type": "github"
      }
    },
    "root": {
      "inputs": {
        "agenix": "agenix",
        "agenix-cli": "agenix-cli",
        "flake-commons": "flake-commons",
        "flake-utils": "flake-utils",
        "home-manager": "home-manager",
        "homeage": "homeage",
        "i3lock-pixeled": "i3lock-pixeled",
        "kmonad": "kmonad",
        "nixgl": "nixgl",
        "nixpkgs": "nixpkgs",
        "nixpkgs-unstable": "nixpkgs-unstable",
        "nur": "nur",
        "pre-commit-hooks": "pre-commit-hooks",
        "spacevim": "spacevim"
      }
    },
    "spacevim": {
      "inputs": {
        "nixpkgs": [
          "nixpkgs-unstable"
        ],
        "pre-commit-hooks": [
          "pre-commit-hooks"
        ]
      },
      "locked": {
        "lastModified": 1674917163,
        "narHash": "sha256-ttulo1RkilA0dVJ351HtCALWcSuQH1EY7YwIhUzIZD4=",
        "owner": "christianharke",
        "repo": "spacevim-flake",
        "rev": "89e7ec4d0fb2e6b6295c9e6216d094c63c1ba230",
        "type": "github"
      },
      "original": {
        "owner": "christianharke",
        "repo": "spacevim-flake",
        "type": "github"
      }
    }
  },
  "root": "root",
  "version": 7
}
